{
  "nodes": {
    "darwin": {
      "inputs": {
        "nixpkgs": [
          "nixpkgs"
        ]
      },
      "locked": {
        "lastModified": 1665392861,
        "narHash": "sha256-bCd8fYJMAb0LzabsiXl4nxECDoz483bJOCa2hjox7N0=",
        "owner": "LnL7",
        "repo": "nix-darwin",
        "rev": "ef56fd8979b5f4e800c4716f62076e00600b1172",
        "type": "github"
      },
      "original": {
        "owner": "LnL7",
        "repo": "nix-darwin",
        "type": "github"
      }
    },
    "home-manager": {
      "inputs": {
        "nixpkgs": [
          "nixpkgs"
        ],
        "utils": "utils"
      },
      "locked": {
        "lastModified": 1665616261,
        "narHash": "sha256-7B6wIsgfuKhcRn8/91mDU0WsOmy996K472oVeqK06EU=",
        "owner": "nix-community",
        "repo": "home-manager",
        "rev": "2d8e5a99343fc7df3ba7a512ea59a98b75166974",
        "type": "github"
      },
      "original": {
        "owner": "nix-community",
        "repo": "home-manager",
        "type": "github"
      }
    },
    "nixpkgs": {
      "locked": {
        "lastModified": 1665645437,
        "narHash": "sha256-fBT1I22NSK8eCKgoeAAtgwknqGERYOIAi/61gE6vS5o=",
        "owner": "nixos",
        "repo": "nixpkgs",
        "rev": "c728e06937f6843b0d650c5cb9d741731693bb9a",
        "type": "github"
      },
      "original": {
        "owner": "nixos",
        "repo": "nixpkgs",
        "type": "github"
      }
    },
    "root": {
      "inputs": {
        "darwin": "darwin",
        "home-manager": "home-manager",
        "nixpkgs": "nixpkgs"
      }
    },
    "utils": {
      "locked": {
        "lastModified": 1659877975,
        "narHash": "sha256-zllb8aq3YO3h8B/U0/J1WBgAL8EX5yWf5pMj3G0NAmc=",
        "owner": "numtide",
        "repo": "flake-utils",
        "rev": "c0e246b9b83f637f4681389ecabcb2681b4f3af0",
        "type": "github"
      },
      "original": {
        "owner": "numtide",
        "repo": "flake-utils",
        "type": "github"
      }
    }
  },
  "root": "root",
  "version": 7
}
