{
  "nodes": {
    "agenix": {
      "inputs": {
        "nixpkgs": [
          "nixpkgs"
        ]
      },
      "locked": {
        "lastModified": 1652712410,
        "narHash": "sha256-hMJ2TqLt0DleEnQFGUHK9sV2aAzJPU8pZeiZoqRozbE=",
        "owner": "ryantm",
        "repo": "agenix",
        "rev": "7e5e58b98c3dcbf497543ff6f22591552ebfe65b",
        "type": "github"
      },
      "original": {
        "owner": "ryantm",
        "repo": "agenix",
        "type": "github"
      }
    },
    "dwl-flake": {
      "inputs": {
        "flake-utils": [
          "flake-utils"
        ],
        "nixpkgs": [
          "nixpkgs"
        ]
      },
      "locked": {
        "lastModified": 1660474613,
        "narHash": "sha256-lEg3SJWdEFbPlYGgd/I9SGKVgGJOLQD8q7RZ69XM+Zc=",
        "ref": "refs/heads/stream",
        "rev": "4f2e43657b5b387ce450b24533df1ae59d1c4b36",
        "revCount": 1,
        "type": "git",
        "url": "https://git.kirinsst.xyz/kir/dwl-flake"
      },
      "original": {
        "type": "git",
        "url": "https://git.kirinsst.xyz/kir/dwl-flake"
      }
    },
    "flake-utils": {
      "locked": {
        "lastModified": 1659877975,
        "narHash": "sha256-zllb8aq3YO3h8B/U0/J1WBgAL8EX5yWf5pMj3G0NAmc=",
        "owner": "numtide",
        "repo": "flake-utils",
        "rev": "c0e246b9b83f637f4681389ecabcb2681b4f3af0",
        "type": "github"
      },
      "original": {
        "owner": "numtide",
        "repo": "flake-utils",
        "type": "github"
      }
    },
    "home-manager": {
      "inputs": {
        "nixpkgs": [
          "nixpkgs"
        ],
        "utils": "utils"
      },
      "locked": {
        "lastModified": 1661573386,
        "narHash": "sha256-pBEg8iY00Af/SAtU2dlmOAv+2x7kScaGlFRDjNoVJO8=",
        "owner": "nix-community",
        "repo": "home-manager",
        "rev": "d89bdff445eadff03fe414e9c30486bc8166b72b",
        "type": "github"
      },
      "original": {
        "owner": "nix-community",
        "repo": "home-manager",
        "type": "github"
      }
    },
    "homeage": {
      "inputs": {
        "nixpkgs": [
          "nixpkgs"
        ]
      },
      "locked": {
        "lastModified": 1636695678,
        "narHash": "sha256-ZL97l4HAsc7PiokG6NxmCvPzM9yBxXtYa2lwcRwxkig=",
        "owner": "jordanisaacs",
        "repo": "homeage",
        "rev": "9f656300a023faf87424138a3b317be88cf806c3",
        "type": "github"
      },
      "original": {
        "owner": "jordanisaacs",
        "ref": "activatecheck",
        "repo": "homeage",
        "type": "github"
      }
    },
    "impermanence": {
      "locked": {
        "lastModified": 1661590580,
        "narHash": "sha256-XoPSucNvccnT50LWme/7BiENZDwr8tArEg36OGQFFnA=",
        "owner": "nix-community",
        "repo": "impermanence",
        "rev": "2237ad28093cb53ad2eb0fd1a9f870997287e0fa",
        "type": "github"
      },
      "original": {
        "owner": "nix-community",
        "repo": "impermanence",
        "type": "github"
      }
    },
    "kipkgs": {
      "inputs": {
        "nixpkgs": [
          "nixpkgs"
        ]
      },
      "locked": {
        "lastModified": 1661639190,
        "narHash": "sha256-HzuWZn8DrzAvT4rcZ9tCiodf1IdsNhmfY/1RP9BXinU=",
        "ref": "refs/heads/stream",
        "rev": "3e4258c30d706ad00359463300268f70d9410f50",
        "revCount": 21,
        "type": "git",
        "url": "https://git.kirinsst.xyz/kir/kipkgs"
      },
      "original": {
        "type": "git",
        "url": "https://git.kirinsst.xyz/kir/kipkgs"
      }
    },
    "nixpkgs": {
      "locked": {
        "lastModified": 1661450036,
        "narHash": "sha256-0/9UyJLtfWqF4uvOrjFIzk8ue1YYUHa6JIhV0mALkH0=",
        "owner": "NixOS",
        "repo": "nixpkgs",
        "rev": "f3d0897be466aa09a37f6bf59e62c360c3f9a6cc",
        "type": "github"
      },
      "original": {
        "id": "nixpkgs",
        "ref": "nixos-unstable",
        "type": "indirect"
      }
    },
    "nur": {
      "locked": {
        "lastModified": 1661624774,
        "narHash": "sha256-HcFsJV8k9c36VRfP2Z0+WCKgSWVG5ijBXHnFaK5ogso=",
        "owner": "nix-community",
        "repo": "NUR",
        "rev": "f6b8881dd4c7583b018eae0f516a5874ebca59c2",
        "type": "github"
      },
      "original": {
        "owner": "nix-community",
        "repo": "NUR",
        "type": "github"
      }
    },
    "root": {
      "inputs": {
        "agenix": "agenix",
        "dwl-flake": "dwl-flake",
        "flake-utils": "flake-utils",
        "home-manager": "home-manager",
        "homeage": "homeage",
        "impermanence": "impermanence",
        "kipkgs": "kipkgs",
        "nixpkgs": "nixpkgs",
        "nur": "nur"
      }
    },
    "utils": {
      "locked": {
        "lastModified": 1653893745,
        "narHash": "sha256-0jntwV3Z8//YwuOjzhV2sgJJPt+HY6KhU7VZUL0fKZQ=",
        "owner": "numtide",
        "repo": "flake-utils",
        "rev": "1ed9fb1935d260de5fe1c2f7ee0ebaae17ed2fa1",
        "type": "github"
      },
      "original": {
        "owner": "numtide",
        "repo": "flake-utils",
        "type": "github"
      }
    }
  },
  "root": "root",
  "version": 7
}
